
Microsoft Visual Studio Solution File, Format Version 12.00
# Visual Studio Version 17
VisualStudioVersion = 17.9.34622.214
MinimumVisualStudioVersion = 10.0.40219.1
Project("{FAE04EC0-301F-11D3-BF4B-00C04F79EFBC}") = "ConsoleApp1", "ConsoleApp1\ConsoleApp1.csproj", "{D6438FA4-32A8-42E9-A408-04E151C2212D}"
EndProject
Project("{FAE04EC0-301F-11D3-BF4B-00C04F79EFBC}") = "TikTakToeTrid", "TikTakToeTrid\TikTakToeTrid.csproj", "{2CB0A4E4-2352-4945-899E-18BAA672225E}"
EndProject
Project("{FAE04EC0-301F-11D3-BF4B-00C04F79EFBC}") = "MorseHumano", "MorseHumano\MorseHumano.csproj", "{E33D6CAE-0D71-4BDB-A286-912BD7A3439D}"
EndProject
Project("{FAE04EC0-301F-11D3-BF4B-00C04F79EFBC}") = "Snake", "Snake\Snake.csproj", "{D82B10C8-4FDD-406A-BC8F-0330C4716D13}"
EndProject
Project("{FAE04EC0-301F-11D3-BF4B-00C04F79EFBC}") = "Ficheros", "Ficheros\Ficheros.csproj", "{97C03DD8-3DC2-4D57-9EB1-E2D898DFD334}"
EndProject
Project("{FAE04EC0-301F-11D3-BF4B-00C04F79EFBC}") = "GitTest", "GitTest\GitTest.csproj", "{9827C636-AD9E-4E39-94AC-F36595B8BFC0}"
EndProject
Project("{FAE04EC0-301F-11D3-BF4B-00C04F79EFBC}") = "Baraja", "Baraja\Baraja.csproj", "{DD1D2174-1A7B-42DD-944A-DADEC30DA722}"
EndProject
Project("{FAE04EC0-301F-11D3-BF4B-00C04F79EFBC}") = "Forma", "Forma\Forma.csproj", "{1FCE49C1-466F-45C8-8C6F-8FAACE7B98FC}"
EndProject
Project("{FAE04EC0-301F-11D3-BF4B-00C04F79EFBC}") = "HospitalModel", "Hospital\HospitalModel.csproj", "{49A599A6-73D1-477F-97DA-AEF5F6C472A9}"
EndProject
Project("{FAE04EC0-301F-11D3-BF4B-00C04F79EFBC}") = "FormsApp", "FormsApp\FormsApp.csproj", "{17E7128E-CE4B-4E14-BEE5-FCC311F3060E}"
EndProject
Project("{FAE04EC0-301F-11D3-BF4B-00C04F79EFBC}") = "HospitalGrafico", "HospitalGrafico\HospitalGrafico.csproj", "{B0E2D0B0-AD50-4ADC-A195-49AF035204BF}"
EndProject
Project("{FAE04EC0-301F-11D3-BF4B-00C04F79EFBC}") = "Employees", "Employees\Employees.csproj", "{F6384BBD-BF69-4E5E-8C68-254DF40B344F}"
EndProject
Project("{FAE04EC0-301F-11D3-BF4B-00C04F79EFBC}") = "EmployeesForm", "EmployeesForm\EmployeesForm.csproj", "{8D38384E-09D8-43BE-B12F-AF2745FF9B68}"
EndProject
Global
	GlobalSection(SolutionConfigurationPlatforms) = preSolution
		Debug|Any CPU = Debug|Any CPU
		Release|Any CPU = Release|Any CPU
	EndGlobalSection
	GlobalSection(ProjectConfigurationPlatforms) = postSolution
		{D6438FA4-32A8-42E9-A408-04E151C2212D}.Debug|Any CPU.ActiveCfg = Debug|Any CPU
		{D6438FA4-32A8-42E9-A408-04E151C2212D}.Debug|Any CPU.Build.0 = Debug|Any CPU
		{D6438FA4-32A8-42E9-A408-04E151C2212D}.Release|Any CPU.ActiveCfg = Release|Any CPU
		{D6438FA4-32A8-42E9-A408-04E151C2212D}.Release|Any CPU.Build.0 = Release|Any CPU
		{2CB0A4E4-2352-4945-899E-18BAA672225E}.Debug|Any CPU.ActiveCfg = Debug|Any CPU
		{2CB0A4E4-2352-4945-899E-18BAA672225E}.Debug|Any CPU.Build.0 = Debug|Any CPU
		{2CB0A4E4-2352-4945-899E-18BAA672225E}.Release|Any CPU.ActiveCfg = Release|Any CPU
		{2CB0A4E4-2352-4945-899E-18BAA672225E}.Release|Any CPU.Build.0 = Release|Any CPU
		{E33D6CAE-0D71-4BDB-A286-912BD7A3439D}.Debug|Any CPU.ActiveCfg = Debug|Any CPU
		{E33D6CAE-0D71-4BDB-A286-912BD7A3439D}.Debug|Any CPU.Build.0 = Debug|Any CPU
		{E33D6CAE-0D71-4BDB-A286-912BD7A3439D}.Release|Any CPU.ActiveCfg = Release|Any CPU
		{E33D6CAE-0D71-4BDB-A286-912BD7A3439D}.Release|Any CPU.Build.0 = Release|Any CPU
		{D82B10C8-4FDD-406A-BC8F-0330C4716D13}.Debug|Any CPU.ActiveCfg = Debug|Any CPU
		{D82B10C8-4FDD-406A-BC8F-0330C4716D13}.Debug|Any CPU.Build.0 = Debug|Any CPU
		{D82B10C8-4FDD-406A-BC8F-0330C4716D13}.Release|Any CPU.ActiveCfg = Release|Any CPU
		{D82B10C8-4FDD-406A-BC8F-0330C4716D13}.Release|Any CPU.Build.0 = Release|Any CPU
		{97C03DD8-3DC2-4D57-9EB1-E2D898DFD334}.Debug|Any CPU.ActiveCfg = Debug|Any CPU
		{97C03DD8-3DC2-4D57-9EB1-E2D898DFD334}.Debug|Any CPU.Build.0 = Debug|Any CPU
		{97C03DD8-3DC2-4D57-9EB1-E2D898DFD334}.Release|Any CPU.ActiveCfg = Release|Any CPU
		{97C03DD8-3DC2-4D57-9EB1-E2D898DFD334}.Release|Any CPU.Build.0 = Release|Any CPU
		{9827C636-AD9E-4E39-94AC-F36595B8BFC0}.Debug|Any CPU.ActiveCfg = Debug|Any CPU
		{9827C636-AD9E-4E39-94AC-F36595B8BFC0}.Debug|Any CPU.Build.0 = Debug|Any CPU
		{9827C636-AD9E-4E39-94AC-F36595B8BFC0}.Release|Any CPU.ActiveCfg = Release|Any CPU
		{9827C636-AD9E-4E39-94AC-F36595B8BFC0}.Release|Any CPU.Build.0 = Release|Any CPU
		{DD1D2174-1A7B-42DD-944A-DADEC30DA722}.Debug|Any CPU.ActiveCfg = Debug|Any CPU
		{DD1D2174-1A7B-42DD-944A-DADEC30DA722}.Debug|Any CPU.Build.0 = Debug|Any CPU
		{DD1D2174-1A7B-42DD-944A-DADEC30DA722}.Release|Any CPU.ActiveCfg = Release|Any CPU
		{DD1D2174-1A7B-42DD-944A-DADEC30DA722}.Release|Any CPU.Build.0 = Release|Any CPU
		{1FCE49C1-466F-45C8-8C6F-8FAACE7B98FC}.Debug|Any CPU.ActiveCfg = Debug|Any CPU
		{1FCE49C1-466F-45C8-8C6F-8FAACE7B98FC}.Debug|Any CPU.Build.0 = Debug|Any CPU
		{1FCE49C1-466F-45C8-8C6F-8FAACE7B98FC}.Release|Any CPU.ActiveCfg = Release|Any CPU
		{1FCE49C1-466F-45C8-8C6F-8FAACE7B98FC}.Release|Any CPU.Build.0 = Release|Any CPU
		{49A599A6-73D1-477F-97DA-AEF5F6C472A9}.Debug|Any CPU.ActiveCfg = Debug|Any CPU
		{49A599A6-73D1-477F-97DA-AEF5F6C472A9}.Debug|Any CPU.Build.0 = Debug|Any CPU
		{49A599A6-73D1-477F-97DA-AEF5F6C472A9}.Release|Any CPU.ActiveCfg = Release|Any CPU
		{49A599A6-73D1-477F-97DA-AEF5F6C472A9}.Release|Any CPU.Build.0 = Release|Any CPU
		{17E7128E-CE4B-4E14-BEE5-FCC311F3060E}.Debug|Any CPU.ActiveCfg = Debug|Any CPU
		{17E7128E-CE4B-4E14-BEE5-FCC311F3060E}.Debug|Any CPU.Build.0 = Debug|Any CPU
		{17E7128E-CE4B-4E14-BEE5-FCC311F3060E}.Release|Any CPU.ActiveCfg = Release|Any CPU
		{17E7128E-CE4B-4E14-BEE5-FCC311F3060E}.Release|Any CPU.Build.0 = Release|Any CPU
		{B0E2D0B0-AD50-4ADC-A195-49AF035204BF}.Debug|Any CPU.ActiveCfg = Debug|Any CPU
		{B0E2D0B0-AD50-4ADC-A195-49AF035204BF}.Debug|Any CPU.Build.0 = Debug|Any CPU
		{B0E2D0B0-AD50-4ADC-A195-49AF035204BF}.Release|Any CPU.ActiveCfg = Release|Any CPU
		{B0E2D0B0-AD50-4ADC-A195-49AF035204BF}.Release|Any CPU.Build.0 = Release|Any CPU
		{F6384BBD-BF69-4E5E-8C68-254DF40B344F}.Debug|Any CPU.ActiveCfg = Debug|Any CPU
		{F6384BBD-BF69-4E5E-8C68-254DF40B344F}.Debug|Any CPU.Build.0 = Debug|Any CPU
		{F6384BBD-BF69-4E5E-8C68-254DF40B344F}.Release|Any CPU.ActiveCfg = Release|Any CPU
		{F6384BBD-BF69-4E5E-8C68-254DF40B344F}.Release|Any CPU.Build.0 = Release|Any CPU
		{8D38384E-09D8-43BE-B12F-AF2745FF9B68}.Debug|Any CPU.ActiveCfg = Debug|Any CPU
		{8D38384E-09D8-43BE-B12F-AF2745FF9B68}.Debug|Any CPU.Build.0 = Debug|Any CPU
		{8D38384E-09D8-43BE-B12F-AF2745FF9B68}.Release|Any CPU.ActiveCfg = Release|Any CPU
		{8D38384E-09D8-43BE-B12F-AF2745FF9B68}.Release|Any CPU.Build.0 = Release|Any CPU
	EndGlobalSection
	GlobalSection(SolutionProperties) = preSolution
		HideSolutionNode = FALSE
	EndGlobalSection
	GlobalSection(ExtensibilityGlobals) = postSolution
		SolutionGuid = {6827729A-F25B-4D44-A9D2-A03035575EFB}
	EndGlobalSection
EndGlobal
